<?xml version="1.0" encoding="utf-8"?>
<Project ToolsVersion="4.0" xmlns="http://schemas.microsoft.com/developer/msbuild/2003">
  <ItemGroup>
    <Filter Include="Source Files">
      <UniqueIdentifier>{4FC737F1-C7A5-4376-A066-2A32D752A2FF}</UniqueIdentifier>
      <Extensions>cpp;c;cc;cxx;def;odl;idl;hpj;bat;asm;asmx</Extensions>
    </Filter>
    <Filter Include="Header Files">
      <UniqueIdentifier>{93995380-89BD-4b04-88EB-625FBE52EBFB}</UniqueIdentifier>
      <Extensions>h;hh;hpp;hxx;hm;inl;inc;xsd</Extensions>
    </Filter>
    <Filter Include="Resource Files">
      <UniqueIdentifier>{67DA6AB6-F800-4c08-8B7A-83BB121AAD01}</UniqueIdentifier>
      <Extensions>rc;ico;cur;bmp;dlg;rc2;rct;bin;rgs;gif;jpg;jpeg;jpe;resx;tiff;tif;png;wav;mfcribbon-ms</Extensions>
    </Filter>
    <Filter Include="Source Files\Lab3zaj2">
      <UniqueIdentifier>{eaafc959-1a54-48c7-b312-092661b94e1e}</UniqueIdentifier>
    </Filter>
    <Filter Include="Source Files\Lab2zaj3">
      <UniqueIdentifier>{d1bfca46-13a6-40d1-a921-de5b55c7f62c}</UniqueIdentifier>
    </Filter>
    <Filter Include="Source Files\Lab1zaj1">
      <UniqueIdentifier>{c8b3b9f0-4f21-48d3-8c0b-39c28a77a9c5}</UniqueIdentifier>
    </Filter>
    <Filter Include="Source Files\Lab4zaj4">
      <UniqueIdentifier>{5fe207d3-d845-4e29-b915-22ac41f17445}</UniqueIdentifier>
    </Filter>
    <Filter Include="Source Files\Lab5zaj5">
      <UniqueIdentifier>{39bff3b5-9325-4650-bb0c-bf9887c27cf2}</UniqueIdentifier>
    </Filter>
    <Filter Include="Source Files\Lab6zaj6">
      <UniqueIdentifier>{4816cdf9-4d2e-4d09-95e3-b763830e2acc}</UniqueIdentifier>
    </Filter>
    <Filter Include="Source Files\Lab6zaj7">
      <UniqueIdentifier>{67f70a98-52da-47da-85ee-bd3986112a14}</UniqueIdentifier>
    </Filter>
    <Filter Include="Source Files\lab6zaj8">
      <UniqueIdentifier>{fccfb4da-c25a-4b43-b0c2-e42b88cb8313}</UniqueIdentifier>
    </Filter>
    <Filter Include="Source Files\Lab7zaj9">
      <UniqueIdentifier>{136df267-6387-4350-832b-491b31e430dd}</UniqueIdentifier>
    </Filter>
    <Filter Include="Source Files\Lab8Zaj10">
      <UniqueIdentifier>{3e678d1e-70c1-403d-b252-c4717e0acc7c}</UniqueIdentifier>
    </Filter>
    <Filter Include="Source Files\Lab9zaj11">
      <UniqueIdentifier>{a9b38024-9862-4cd8-aca8-940dda867b26}</UniqueIdentifier>
    </Filter>
  </ItemGroup>
  <ItemGroup>
    <None Include="packages.config" />
  </ItemGroup>
  <ItemGroup>
    <ClCompile Include="lab3zaj2.cpp">
      <Filter>Source Files\Lab3zaj2</Filter>
    </ClCompile>
    <ClCompile Include="lab3zaj2program2.cpp">
      <Filter>Source Files\Lab3zaj2</Filter>
    </ClCompile>
    <ClCompile Include="lab3zaj2program3.cpp">
      <Filter>Source Files\Lab3zaj2</Filter>
    </ClCompile>
    <ClCompile Include="Lab4zaj4program1.cpp">
      <Filter>Source Files\Lab4zaj4</Filter>
    </ClCompile>
    <ClCompile Include="Lab4zaj4program2.cpp">
      <Filter>Source Files\Lab4zaj4</Filter>
    </ClCompile>
    <ClCompile Include="lab5zaj5program1.cpp">
      <Filter>Source Files\Lab5zaj5</Filter>
    </ClCompile>
    <ClCompile Include="Lab1zaj1Program1.cpp">
      <Filter>Source Files\Lab1zaj1</Filter>
    </ClCompile>
    <ClCompile Include="Lab1zaj1Program2And3.cpp">
      <Filter>Source Files\Lab1zaj1</Filter>
    </ClCompile>
    <ClCompile Include="Lab1zaj1Program4.cpp">
      <Filter>Source Files\Lab1zaj1</Filter>
    </ClCompile>
    <ClCompile Include="Lab1zaj1Program5.cpp">
      <Filter>Source Files\Lab1zaj1</Filter>
    </ClCompile>
    <ClCompile Include="Lab1zaj1Program5b.cpp">
      <Filter>Source Files\Lab1zaj1</Filter>
    </ClCompile>
    <ClCompile Include="Lab2zaj3program1.cpp">
      <Filter>Source Files\Lab2zaj3</Filter>
    </ClCompile>
    <ClCompile Include="Lab2zaj3program3.cpp">
      <Filter>Source Files\Lab2zaj3</Filter>
    </ClCompile>
    <ClCompile Include="Lab2zaj3program2.cpp">
      <Filter>Source Files\Lab2zaj3</Filter>
    </ClCompile>
    <ClCompile Include="Lab2zaj3program4.cpp">
      <Filter>Source Files\Lab2zaj3</Filter>
    </ClCompile>
    <ClCompile Include="Lab3zaj2program1.cpp">
      <Filter>Source Files\Lab3zaj2</Filter>
    </ClCompile>
    <ClCompile Include="Lab6zaj8program1.cpp">
      <Filter>Source Files\lab6zaj8</Filter>
    </ClCompile>
    <ClCompile Include="Lab6zaj7program1.cpp">
      <Filter>Source Files\Lab6zaj7</Filter>
    </ClCompile>
    <ClCompile Include="Lab6zaj7program2.cpp">
      <Filter>Source Files\Lab6zaj7</Filter>
    </ClCompile>
    <ClCompile Include="Lab7zaj9program1.cpp">
      <Filter>Source Files\Lab7zaj9</Filter>
    </ClCompile>
    <ClCompile Include="..\packages\nupengl.core.0.1.0.1\build\native\include\GLUT\targa.cpp">
      <Filter>Source Files</Filter>
    </ClCompile>
    <ClCompile Include="Lab8zaj10program1.cpp">
      <Filter>Source Files\Lab8Zaj10</Filter>
    </ClCompile>
    <ClCompile Include="Lab9zaj11program1.cpp">
      <Filter>Source Files\Lab9zaj11</Filter>
    </ClCompile>
  </ItemGroup>
</Project>